// !$*UTF8*$!
{
	archiveVersion = 1;
	classes = {
	};
	objectVersion = 46;
	objects = {

/* Begin PBXBuildFile section */
		C52DCB5118B8293D00A62407 /* Foundation.framework in Frameworks */ = {isa = PBXBuildFile; fileRef = C52DCB5018B8293D00A62407 /* Foundation.framework */; };
		C52DCB5318B8293D00A62407 /* CoreGraphics.framework in Frameworks */ = {isa = PBXBuildFile; fileRef = C52DCB5218B8293D00A62407 /* CoreGraphics.framework */; };
		C52DCB5518B8293D00A62407 /* UIKit.framework in Frameworks */ = {isa = PBXBuildFile; fileRef = C52DCB5418B8293D00A62407 /* UIKit.framework */; };
		C52DCB5B18B8293D00A62407 /* InfoPlist.strings in Resources */ = {isa = PBXBuildFile; fileRef = C52DCB5918B8293D00A62407 /* InfoPlist.strings */; };
		C52DCB5D18B8293D00A62407 /* main.m in Sources */ = {isa = PBXBuildFile; fileRef = C52DCB5C18B8293D00A62407 /* main.m */; };
		C52DCB6118B8293D00A62407 /* AppDelegate.m in Sources */ = {isa = PBXBuildFile; fileRef = C52DCB6018B8293D00A62407 /* AppDelegate.m */; };
		C52DCB6418B8293D00A62407 /* Main.storyboard in Resources */ = {isa = PBXBuildFile; fileRef = C52DCB6218B8293D00A62407 /* Main.storyboard */; };
		C52DCB6918B8293E00A62407 /* Images.xcassets in Resources */ = {isa = PBXBuildFile; fileRef = C52DCB6818B8293E00A62407 /* Images.xcassets */; };
		C546F57B18D93D4C0056BF72 /* UnitConversion.m in Sources */ = {isa = PBXBuildFile; fileRef = C546F57A18D93D4C0056BF72 /* UnitConversion.m */; };
		C546F57E18D93D6D0056BF72 /* LineWidthResolution.m in Sources */ = {isa = PBXBuildFile; fileRef = C546F57D18D93D6D0056BF72 /* LineWidthResolution.m */; };
		C546F58118D93D830056BF72 /* SpectrometerResolution.m in Sources */ = {isa = PBXBuildFile; fileRef = C546F58018D93D830056BF72 /* SpectrometerResolution.m */; };
/* End PBXBuildFile section */

/* Begin PBXFileReference section */
		C52DCB4D18B8293D00A62407 /* Spectroscopy Tools.app */ = {isa = PBXFileReference; explicitFileType = wrapper.application; includeInIndex = 0; path = "Spectroscopy Tools.app"; sourceTree = BUILT_PRODUCTS_DIR; };
		C52DCB5018B8293D00A62407 /* Foundation.framework */ = {isa = PBXFileReference; lastKnownFileType = wrapper.framework; name = Foundation.framework; path = System/Library/Frameworks/Foundation.framework; sourceTree = SDKROOT; };
		C52DCB5218B8293D00A62407 /* CoreGraphics.framework */ = {isa = PBXFileReference; lastKnownFileType = wrapper.framework; name = CoreGraphics.framework; path = System/Library/Frameworks/CoreGraphics.framework; sourceTree = SDKROOT; };
		C52DCB5418B8293D00A62407 /* UIKit.framework */ = {isa = PBXFileReference; lastKnownFileType = wrapper.framework; name = UIKit.framework; path = System/Library/Frameworks/UIKit.framework; sourceTree = SDKROOT; };
		C52DCB5818B8293D00A62407 /* Spectroscopy Tools-Info.plist */ = {isa = PBXFileReference; lastKnownFileType = text.plist.xml; path = "Spectroscopy Tools-Info.plist"; sourceTree = "<group>"; };
		C52DCB5A18B8293D00A62407 /* en */ = {isa = PBXFileReference; lastKnownFileType = text.plist.strings; name = en; path = en.lproj/InfoPlist.strings; sourceTree = "<group>"; };
		C52DCB5C18B8293D00A62407 /* main.m */ = {isa = PBXFileReference; lastKnownFileType = sourcecode.c.objc; path = main.m; sourceTree = "<group>"; };
		C52DCB5E18B8293D00A62407 /* Spectroscopy Tools-Prefix.pch */ = {isa = PBXFileReference; lastKnownFileType = sourcecode.c.h; path = "Spectroscopy Tools-Prefix.pch"; sourceTree = "<group>"; };
		C52DCB5F18B8293D00A62407 /* AppDelegate.h */ = {isa = PBXFileReference; lastKnownFileType = sourcecode.c.h; path = AppDelegate.h; sourceTree = "<group>"; };
		C52DCB6018B8293D00A62407 /* AppDelegate.m */ = {isa = PBXFileReference; lastKnownFileType = sourcecode.c.objc; path = AppDelegate.m; sourceTree = "<group>"; };
		C52DCB6318B8293D00A62407 /* Base */ = {isa = PBXFileReference; lastKnownFileType = file.storyboard; name = Base; path = Base.lproj/Main.storyboard; sourceTree = "<group>"; };
		C52DCB6818B8293E00A62407 /* Images.xcassets */ = {isa = PBXFileReference; lastKnownFileType = folder.assetcatalog; path = Images.xcassets; sourceTree = "<group>"; };
		C52DCB6F18B8293E00A62407 /* XCTest.framework */ = {isa = PBXFileReference; lastKnownFileType = wrapper.framework; name = XCTest.framework; path = Library/Frameworks/XCTest.framework; sourceTree = DEVELOPER_DIR; };
		C52DCB7718B8293E00A62407 /* Spectroscopy ToolsTests-Info.plist */ = {isa = PBXFileReference; lastKnownFileType = text.plist.xml; path = "Spectroscopy ToolsTests-Info.plist"; sourceTree = "<group>"; };
		C52DCB7918B8293E00A62407 /* en */ = {isa = PBXFileReference; lastKnownFileType = text.plist.strings; name = en; path = en.lproj/InfoPlist.strings; sourceTree = "<group>"; };
		C52DCB7B18B8293E00A62407 /* Spectroscopy_ToolsTests.m */ = {isa = PBXFileReference; lastKnownFileType = sourcecode.c.objc; path = Spectroscopy_ToolsTests.m; sourceTree = "<group>"; };
		C546F57918D93D4C0056BF72 /* UnitConversion.h */ = {isa = PBXFileReference; fileEncoding = 4; lastKnownFileType = sourcecode.c.h; path = UnitConversion.h; sourceTree = "<group>"; };
		C546F57A18D93D4C0056BF72 /* UnitConversion.m */ = {isa = PBXFileReference; fileEncoding = 4; lastKnownFileType = sourcecode.c.objc; path = UnitConversion.m; sourceTree = "<group>"; };
		C546F57C18D93D6D0056BF72 /* LineWidthResolution.h */ = {isa = PBXFileReference; fileEncoding = 4; lastKnownFileType = sourcecode.c.h; path = LineWidthResolution.h; sourceTree = "<group>"; };
		C546F57D18D93D6D0056BF72 /* LineWidthResolution.m */ = {isa = PBXFileReference; fileEncoding = 4; lastKnownFileType = sourcecode.c.objc; path = LineWidthResolution.m; sourceTree = "<group>"; };
		C546F57F18D93D830056BF72 /* SpectrometerResolution.h */ = {isa = PBXFileReference; fileEncoding = 4; lastKnownFileType = sourcecode.c.h; path = SpectrometerResolution.h; sourceTree = "<group>"; };
		C546F58018D93D830056BF72 /* SpectrometerResolution.m */ = {isa = PBXFileReference; fileEncoding = 4; lastKnownFileType = sourcecode.c.objc; path = SpectrometerResolution.m; sourceTree = "<group>"; };
/* End PBXFileReference section */

/* Begin PBXFrameworksBuildPhase section */
		C52DCB4A18B8293D00A62407 /* Frameworks */ = {
			isa = PBXFrameworksBuildPhase;
			buildActionMask = 2147483647;
			files = (
				C52DCB5318B8293D00A62407 /* CoreGraphics.framework in Frameworks */,
				C52DCB5518B8293D00A62407 /* UIKit.framework in Frameworks */,
				C52DCB5118B8293D00A62407 /* Foundation.framework in Frameworks */,
			);
			runOnlyForDeploymentPostprocessing = 0;
		};
/* End PBXFrameworksBuildPhase section */

/* Begin PBXGroup section */
		C52DCB4418B8293D00A62407 = {
			isa = PBXGroup;
			children = (
				C52DCB5618B8293D00A62407 /* Spectroscopy Tools */,
				C52DCB7518B8293E00A62407 /* Spectroscopy ToolsTests */,
				C52DCB4F18B8293D00A62407 /* Frameworks */,
				C52DCB4E18B8293D00A62407 /* Products */,
			);
			sourceTree = "<group>";
		};
		C52DCB4E18B8293D00A62407 /* Products */ = {
			isa = PBXGroup;
			children = (
				C52DCB4D18B8293D00A62407 /* Spectroscopy Tools.app */,
			);
			name = Products;
			sourceTree = "<group>";
		};
		C52DCB4F18B8293D00A62407 /* Frameworks */ = {
			isa = PBXGroup;
			children = (
				C52DCB5018B8293D00A62407 /* Foundation.framework */,
				C52DCB5218B8293D00A62407 /* CoreGraphics.framework */,
				C52DCB5418B8293D00A62407 /* UIKit.framework */,
				C52DCB6F18B8293E00A62407 /* XCTest.framework */,
			);
			name = Frameworks;
			sourceTree = "<group>";
		};
		C52DCB5618B8293D00A62407 /* Spectroscopy Tools */ = {
			isa = PBXGroup;
			children = (
				C52DCB5F18B8293D00A62407 /* AppDelegate.h */,
				C52DCB6018B8293D00A62407 /* AppDelegate.m */,
				C52DCB6218B8293D00A62407 /* Main.storyboard */,
				C546F57918D93D4C0056BF72 /* UnitConversion.h */,
				C546F57A18D93D4C0056BF72 /* UnitConversion.m */,
				C546F57C18D93D6D0056BF72 /* LineWidthResolution.h */,
				C546F57D18D93D6D0056BF72 /* LineWidthResolution.m */,
				C546F57F18D93D830056BF72 /* SpectrometerResolution.h */,
				C546F58018D93D830056BF72 /* SpectrometerResolution.m */,
				C52DCB6818B8293E00A62407 /* Images.xcassets */,
				C52DCB5718B8293D00A62407 /* Supporting Files */,
			);
			path = "Spectroscopy Tools";
			sourceTree = "<group>";
		};
		C52DCB5718B8293D00A62407 /* Supporting Files */ = {
			isa = PBXGroup;
			children = (
				C52DCB5818B8293D00A62407 /* Spectroscopy Tools-Info.plist */,
				C52DCB5918B8293D00A62407 /* InfoPlist.strings */,
				C52DCB5C18B8293D00A62407 /* main.m */,
				C52DCB5E18B8293D00A62407 /* Spectroscopy Tools-Prefix.pch */,
			);
			name = "Supporting Files";
			sourceTree = "<group>";
		};
		C52DCB7518B8293E00A62407 /* Spectroscopy ToolsTests */ = {
			isa = PBXGroup;
			children = (
				C52DCB7B18B8293E00A62407 /* Spectroscopy_ToolsTests.m */,
				C52DCB7618B8293E00A62407 /* Supporting Files */,
			);
			path = "Spectroscopy ToolsTests";
			sourceTree = "<group>";
		};
		C52DCB7618B8293E00A62407 /* Supporting Files */ = {
			isa = PBXGroup;
			children = (
				C52DCB7718B8293E00A62407 /* Spectroscopy ToolsTests-Info.plist */,
				C52DCB7818B8293E00A62407 /* InfoPlist.strings */,
			);
			name = "Supporting Files";
			sourceTree = "<group>";
		};
/* End PBXGroup section */

/* Begin PBXNativeTarget section */
		C52DCB4C18B8293D00A62407 /* Spectroscopy Tools */ = {
			isa = PBXNativeTarget;
			buildConfigurationList = C52DCB7F18B8293E00A62407 /* Build configuration list for PBXNativeTarget "Spectroscopy Tools" */;
			buildPhases = (
				C52DCB4918B8293D00A62407 /* Sources */,
				C52DCB4A18B8293D00A62407 /* Frameworks */,
				C52DCB4B18B8293D00A62407 /* Resources */,
			);
			buildRules = (
			);
			dependencies = (
			);
			name = "Spectroscopy Tools";
			productName = "Spectroscopy Tools";
			productReference = C52DCB4D18B8293D00A62407 /* Spectroscopy Tools.app */;
			productType = "com.apple.product-type.application";
		};
/* End PBXNativeTarget section */

/* Begin PBXProject section */
		C52DCB4518B8293D00A62407 /* Project object */ = {
			isa = PBXProject;
			attributes = {
				LastUpgradeCheck = 0510;
				ORGANIZATIONNAME = WSmithConsulting;
				TargetAttributes = {
					C52DCB4C18B8293D00A62407 = {
						DevelopmentTeam = D6U53ALVW2;
					};
				};
			};
			buildConfigurationList = C52DCB4818B8293D00A62407 /* Build configuration list for PBXProject "Spectroscopy Tools" */;
			compatibilityVersion = "Xcode 3.2";
			developmentRegion = English;
			hasScannedForEncodings = 0;
			knownRegions = (
				en,
				Base,
			);
			mainGroup = C52DCB4418B8293D00A62407;
			productRefGroup = C52DCB4E18B8293D00A62407 /* Products */;
			projectDirPath = "";
			projectRoot = "";
			targets = (
				C52DCB4C18B8293D00A62407 /* Spectroscopy Tools */,
			);
		};
/* End PBXProject section */

/* Begin PBXResourcesBuildPhase section */
		C52DCB4B18B8293D00A62407 /* Resources */ = {
			isa = PBXResourcesBuildPhase;
			buildActionMask = 2147483647;
			files = (
				C52DCB6918B8293E00A62407 /* Images.xcassets in Resources */,
				C52DCB5B18B8293D00A62407 /* InfoPlist.strings in Resources */,
				C52DCB6418B8293D00A62407 /* Main.storyboard in Resources */,
			);
			runOnlyForDeploymentPostprocessing = 0;
		};
/* End PBXResourcesBuildPhase section */

/* Begin PBXSourcesBuildPhase section */
		C52DCB4918B8293D00A62407 /* Sources */ = {
			isa = PBXSourcesBuildPhase;
			buildActionMask = 2147483647;
			files = (
				C546F58118D93D830056BF72 /* SpectrometerResolution.m in Sources */,
				C546F57E18D93D6D0056BF72 /* LineWidthResolution.m in Sources */,
				C52DCB6118B8293D00A62407 /* AppDelegate.m in Sources */,
				C546F57B18D93D4C0056BF72 /* UnitConversion.m in Sources */,
				C52DCB5D18B8293D00A62407 /* main.m in Sources */,
			);
			runOnlyForDeploymentPostprocessing = 0;
		};
/* End PBXSourcesBuildPhase section */

/* Begin PBXVariantGroup section */
		C52DCB5918B8293D00A62407 /* InfoPlist.strings */ = {
			isa = PBXVariantGroup;
			children = (
				C52DCB5A18B8293D00A62407 /* en */,
			);
			name = InfoPlist.strings;
			sourceTree = "<group>";
		};
		C52DCB6218B8293D00A62407 /* Main.storyboard */ = {
			isa = PBXVariantGroup;
			children = (
				C52DCB6318B8293D00A62407 /* Base */,
			);
			name = Main.storyboard;
			sourceTree = "<group>";
		};
		C52DCB7818B8293E00A62407 /* InfoPlist.strings */ = {
			isa = PBXVariantGroup;
			children = (
				C52DCB7918B8293E00A62407 /* en */,
			);
			name = InfoPlist.strings;
			sourceTree = "<group>";
		};
/* End PBXVariantGroup section */

/* Begin XCBuildConfiguration section */
		C522E9E518E4E3F2003F9DEE /* Distribution */ = {
			isa = XCBuildConfiguration;
			buildSettings = {
				ALWAYS_SEARCH_USER_PATHS = NO;
				CLANG_CXX_LANGUAGE_STANDARD = "gnu++0x";
				CLANG_CXX_LIBRARY = "libc++";
				CLANG_ENABLE_MODULES = YES;
				CLANG_ENABLE_OBJC_ARC = YES;
				CLANG_WARN_BOOL_CONVERSION = YES;
				CLANG_WARN_CONSTANT_CONVERSION = YES;
				CLANG_WARN_DIRECT_OBJC_ISA_USAGE = YES_ERROR;
				CLANG_WARN_EMPTY_BODY = YES;
				CLANG_WARN_ENUM_CONVERSION = YES;
				CLANG_WARN_INT_CONVERSION = YES;
				CLANG_WARN_OBJC_ROOT_CLASS = YES_ERROR;
				CLANG_WARN__DUPLICATE_METHOD_MATCH = YES;
				CODE_SIGN_IDENTITY = "iPhone Distribution: Wayne Smith (D6U53ALVW2)";
				"CODE_SIGN_IDENTITY[sdk=iphoneos*]" = "iPhone Distribution: Wayne Smith (D6U53ALVW2)";
				COPY_PHASE_STRIP = YES;
				ENABLE_NS_ASSERTIONS = NO;
				GCC_C_LANGUAGE_STANDARD = gnu99;
				GCC_WARN_64_TO_32_BIT_CONVERSION = YES;
				GCC_WARN_ABOUT_RETURN_TYPE = YES_ERROR;
				GCC_WARN_UNDECLARED_SELECTOR = YES;
				GCC_WARN_UNINITIALIZED_AUTOS = YES;
				GCC_WARN_UNUSED_FUNCTION = YES;
				GCC_WARN_UNUSED_VARIABLE = YES;
				IPHONEOS_DEPLOYMENT_TARGET = 7.0;
				ONLY_ACTIVE_ARCH = YES;
				PRODUCT_NAME = Spectroscopy;
				PROVISIONING_PROFILE = "FE49FC35-C305-41D2-9B8E-4C808C6EBB72";
				SDKROOT = iphoneos;
				VALIDATE_PRODUCT = YES;
			};
			name = Distribution;
		};
		C522E9E618E4E3F2003F9DEE /* Distribution */ = {
			isa = XCBuildConfiguration;
			buildSettings = {
				ASSETCATALOG_COMPILER_APPICON_NAME = AppIcon;
				ASSETCATALOG_COMPILER_LAUNCHIMAGE_NAME = LaunchImage;
				CODE_SIGN_IDENTITY = "iPhone Developer: Wayne Smith (79895BN8RW)";
				"CODE_SIGN_IDENTITY[sdk=iphoneos*]" = "iPhone Distribution: Wayne Smith (D6U53ALVW2)";
				GCC_PRECOMPILE_PREFIX_HEADER = YES;
				GCC_PREFIX_HEADER = "Spectroscopy Tools/Spectroscopy Tools-Prefix.pch";
				INFOPLIST_FILE = "Spectroscopy Tools/Spectroscopy Tools-Info.plist";
				PRODUCT_NAME = "$(TARGET_NAME)";
				PROVISIONING_PROFILE = "FE49FC35-C305-41D2-9B8E-4C808C6EBB72";
				WRAPPER_EXTENSION = app;
			};
			name = Distribution;
		};
		C52DCB7D18B8293E00A62407 /* Debug */ = {
			isa = XCBuildConfiguration;
			buildSettings = {
				ALWAYS_SEARCH_USER_PATHS = NO;
				CLANG_CXX_LANGUAGE_STANDARD = "gnu++0x";
				CLANG_CXX_LIBRARY = "libc++";
				CLANG_ENABLE_MODULES = YES;
				CLANG_ENABLE_OBJC_ARC = YES;
				CLANG_WARN_BOOL_CONVERSION = YES;
				CLANG_WARN_CONSTANT_CONVERSION = YES;
				CLANG_WARN_DIRECT_OBJC_ISA_USAGE = YES_ERROR;
				CLANG_WARN_EMPTY_BODY = YES;
				CLANG_WARN_ENUM_CONVERSION = YES;
				CLANG_WARN_INT_CONVERSION = YES;
				CLANG_WARN_OBJC_ROOT_CLASS = YES_ERROR;
				CLANG_WARN__DUPLICATE_METHOD_MATCH = YES;
				CODE_SIGN_IDENTITY = "iPhone Distribution: Wayne Smith (D6U53ALVW2)";
				"CODE_SIGN_IDENTITY[sdk=iphoneos*]" = "iPhone Distribution: Wayne Smith (D6U53ALVW2)";
				COPY_PHASE_STRIP = NO;
				GCC_C_LANGUAGE_STANDARD = gnu99;
				GCC_DYNAMIC_NO_PIC = NO;
				GCC_OPTIMIZATION_LEVEL = 0;
				GCC_PREPROCESSOR_DEFINITIONS = (
					"DEBUG=1",
					"$(inherited)",
				);
				GCC_SYMBOLS_PRIVATE_EXTERN = NO;
				GCC_WARN_64_TO_32_BIT_CONVERSION = YES;
				GCC_WARN_ABOUT_RETURN_TYPE = YES_ERROR;
				GCC_WARN_UNDECLARED_SELECTOR = YES;
				GCC_WARN_UNINITIALIZED_AUTOS = YES;
				GCC_WARN_UNUSED_FUNCTION = YES;
				GCC_WARN_UNUSED_VARIABLE = YES;
				IPHONEOS_DEPLOYMENT_TARGET = 7.0;
				ONLY_ACTIVE_ARCH = NO;
				PRODUCT_NAME = Spectroscopy;
				PROVISIONING_PROFILE = "FE49FC35-C305-41D2-9B8E-4C808C6EBB72";
				SDKROOT = iphoneos;
				VALIDATE_PRODUCT = YES;
			};
			name = Debug;
		};
		C52DCB7E18B8293E00A62407 /* Release */ = {
			isa = XCBuildConfiguration;
			buildSettings = {
				ALWAYS_SEARCH_USER_PATHS = NO;
				CLANG_CXX_LANGUAGE_STANDARD = "gnu++0x";
				CLANG_CXX_LIBRARY = "libc++";
				CLANG_ENABLE_MODULES = YES;
				CLANG_ENABLE_OBJC_ARC = YES;
				CLANG_WARN_BOOL_CONVERSION = YES;
				CLANG_WARN_CONSTANT_CONVERSION = YES;
				CLANG_WARN_DIRECT_OBJC_ISA_USAGE = YES_ERROR;
				CLANG_WARN_EMPTY_BODY = YES;
				CLANG_WARN_ENUM_CONVERSION = YES;
				CLANG_WARN_INT_CONVERSION = YES;
				CLANG_WARN_OBJC_ROOT_CLASS = YES_ERROR;
				CLANG_WARN__DUPLICATE_METHOD_MATCH = YES;
				CODE_SIGN_IDENTITY = "iPhone Distribution: Wayne Smith (D6U53ALVW2)";
				"CODE_SIGN_IDENTITY[sdk=iphoneos*]" = "iPhone Distribution: Wayne Smith (D6U53ALVW2)";
				COPY_PHASE_STRIP = YES;
				ENABLE_NS_ASSERTIONS = NO;
				GCC_C_LANGUAGE_STANDARD = gnu99;
				GCC_WARN_64_TO_32_BIT_CONVERSION = YES;
				GCC_WARN_ABOUT_RETURN_TYPE = YES_ERROR;
				GCC_WARN_UNDECLARED_SELECTOR = YES;
				GCC_WARN_UNINITIALIZED_AUTOS = YES;
				GCC_WARN_UNUSED_FUNCTION = YES;
				GCC_WARN_UNUSED_VARIABLE = YES;
				IPHONEOS_DEPLOYMENT_TARGET = 7.0;
				ONLY_ACTIVE_ARCH = YES;
				PRODUCT_NAME = Spectroscopy;
				PROVISIONING_PROFILE = "FE49FC35-C305-41D2-9B8E-4C808C6EBB72";
				SDKROOT = iphoneos;
				VALIDATE_PRODUCT = YES;
			};
			name = Release;
		};
		C52DCB8018B8293E00A62407 /* Debug */ = {
			isa = XCBuildConfiguration;
			buildSettings = {
				ASSETCATALOG_COMPILER_APPICON_NAME = AppIcon;
				ASSETCATALOG_COMPILER_LAUNCHIMAGE_NAME = LaunchImage;
				CODE_SIGN_IDENTITY = "iPhone Developer: Wayne Smith (79895BN8RW)";
				"CODE_SIGN_IDENTITY[sdk=iphoneos*]" = "iPhone Distribution: Wayne Smith (D6U53ALVW2)";
				GCC_PRECOMPILE_PREFIX_HEADER = YES;
				GCC_PREFIX_HEADER = "Spectroscopy Tools/Spectroscopy Tools-Prefix.pch";
				INFOPLIST_FILE = "Spectroscopy Tools/Spectroscopy Tools-Info.plist";
				PRODUCT_NAME = "$(TARGET_NAME)";
				PROVISIONING_PROFILE = "FE49FC35-C305-41D2-9B8E-4C808C6EBB72";
				WRAPPER_EXTENSION = app;
			};
			name = Debug;
		};
		C52DCB8118B8293E00A62407 /* Release */ = {
			isa = XCBuildConfiguration;
			buildSettings = {
				ASSETCATALOG_COMPILER_APPICON_NAME = AppIcon;
				ASSETCATALOG_COMPILER_LAUNCHIMAGE_NAME = LaunchImage;
				CODE_SIGN_IDENTITY = "iPhone Developer: Wayne Smith (79895BN8RW)";
				"CODE_SIGN_IDENTITY[sdk=iphoneos*]" = "iPhone Distribution: Wayne Smith (D6U53ALVW2)";
				GCC_PRECOMPILE_PREFIX_HEADER = YES;
				GCC_PREFIX_HEADER = "Spectroscopy Tools/Spectroscopy Tools-Prefix.pch";
				INFOPLIST_FILE = "Spectroscopy Tools/Spectroscopy Tools-Info.plist";
				PRODUCT_NAME = "$(TARGET_NAME)";
				PROVISIONING_PROFILE = "FE49FC35-C305-41D2-9B8E-4C808C6EBB72";
				WRAPPER_EXTENSION = app;
			};
			name = Release;
		};
/* End XCBuildConfiguration section */

/* Begin XCConfigurationList section */
		C52DCB4818B8293D00A62407 /* Build configuration list for PBXProject "Spectroscopy Tools" */ = {
			isa = XCConfigurationList;
			buildConfigurations = (
				C52DCB7D18B8293E00A62407 /* Debug */,
				C52DCB7E18B8293E00A62407 /* Release */,
				C522E9E518E4E3F2003F9DEE /* Distribution */,
			);
			defaultConfigurationIsVisible = 0;
			defaultConfigurationName = Distribution;
		};
		C52DCB7F18B8293E00A62407 /* Build configuration list for PBXNativeTarget "Spectroscopy Tools" */ = {
			isa = XCConfigurationList;
			buildConfigurations = (
				C52DCB8018B8293E00A62407 /* Debug */,
				C52DCB8118B8293E00A62407 /* Release */,
				C522E9E618E4E3F2003F9DEE /* Distribution */,
			);
			defaultConfigurationIsVisible = 0;
			defaultConfigurationName = Distribution;
		};
/* End XCConfigurationList section */
	};
	rootObject = C52DCB4518B8293D00A62407 /* Project object */;
}
